
Microsoft Visual Studio Solution File, Format Version 12.00
# Visual Studio Version 16
VisualStudioVersion = 16.0.33801.447
MinimumVisualStudioVersion = 10.0.40219.1
Project("{9A19103F-16F7-4668-BE54-9A1E7A4F7556}") = "task1", "task1\task1.csproj", "{09522000-08B5-4767-A5A9-D048E6D278C9}"
EndProject
Project("{FAE04EC0-301F-11D3-BF4B-00C04F79EFBC}") = "task2 WinFormsApp", "task2 WinFormsApp\task2 WinFormsApp.csproj", "{0DC617B3-7CA8-43E1-A104-13F53478F36D}"
EndProject
Global
	GlobalSection(SolutionConfigurationPlatforms) = preSolution
		Debug|Any CPU = Debug|Any CPU
		Release|Any CPU = Release|Any CPU
	EndGlobalSection
	GlobalSection(ProjectConfigurationPlatforms) = postSolution
		{09522000-08B5-4767-A5A9-D048E6D278C9}.Debug|Any CPU.ActiveCfg = Debug|Any CPU
		{09522000-08B5-4767-A5A9-D048E6D278C9}.Debug|Any CPU.Build.0 = Debug|Any CPU
		{09522000-08B5-4767-A5A9-D048E6D278C9}.Release|Any CPU.ActiveCfg = Release|Any CPU
		{09522000-08B5-4767-A5A9-D048E6D278C9}.Release|Any CPU.Build.0 = Release|Any CPU
		{0DC617B3-7CA8-43E1-A104-13F53478F36D}.Debug|Any CPU.ActiveCfg = Debug|Any CPU
		{0DC617B3-7CA8-43E1-A104-13F53478F36D}.Debug|Any CPU.Build.0 = Debug|Any CPU
		{0DC617B3-7CA8-43E1-A104-13F53478F36D}.Release|Any CPU.ActiveCfg = Release|Any CPU
		{0DC617B3-7CA8-43E1-A104-13F53478F36D}.Release|Any CPU.Build.0 = Release|Any CPU
	EndGlobalSection
	GlobalSection(SolutionProperties) = preSolution
		HideSolutionNode = FALSE
	EndGlobalSection
	GlobalSection(ExtensibilityGlobals) = postSolution
		SolutionGuid = {A4A1D6F2-B7D0-47DF-B3BE-C61CACD5D5FC}
	EndGlobalSection
EndGlobal
